<?xml version="1.0" encoding="utf-8"?>
<Project ToolsVersion="4.0" xmlns="http://schemas.microsoft.com/developer/msbuild/2003">
  <ItemGroup>
    <Filter Include="Source Files">
      <UniqueIdentifier>{4FC737F1-C7A5-4376-A066-2A32D752A2FF}</UniqueIdentifier>
      <Extensions>cpp;c;cc;cxx;def;odl;idl;hpj;bat;asm;asmx</Extensions>
    </Filter>
    <Filter Include="Header Files">
      <UniqueIdentifier>{93995380-89BD-4b04-88EB-625FBE52EBFB}</UniqueIdentifier>
      <Extensions>h;hpp;hxx;hm;inl;inc;xsd</Extensions>
    </Filter>
    <Filter Include="Resource Files">
      <UniqueIdentifier>{67DA6AB6-F800-4c08-8B7A-83BB121AAD01}</UniqueIdentifier>
      <Extensions>rc;ico;cur;bmp;dlg;rc2;rct;bin;rgs;gif;jpg;jpeg;jpe;resx;tiff;tif;png;wav</Extensions>
    </Filter>
  </ItemGroup>
  <ItemGroup>
    <ClCompile Include="ConsoleLogger.cpp">
      <Filter>Source Files</Filter>
    </ClCompile>
    <ClCompile Include="EditLogger.cpp">
      <Filter>Source Files</Filter>
    </ClCompile>
    <ClCompile Include="FileLogger.cpp">
      <Filter>Source Files</Filter>
    </ClCompile>
    <ClCompile Include="FileWriter.cpp">
      <Filter>Source Files</Filter>
    </ClCompile>
    <ClCompile Include="GLColorMap.cpp">
      <Filter>Source Files</Filter>
    </ClCompile>
    <ClCompile Include="GLColorMapAlpha.cpp">
      <Filter>Source Files</Filter>
    </ClCompile>
    <ClCompile Include="GLColorMapModulate.cpp">
      <Filter>Source Files</Filter>
    </ClCompile>
    <ClCompile Include="GLColorMapN.cpp">
      <Filter>Source Files</Filter>
    </ClCompile>
    <ClCompile Include="GLExtensions.cpp">
      <Filter>Source Files</Filter>
    </ClCompile>
    <ClCompile Include="GLProgram.cpp">
      <Filter>Source Files</Filter>
    </ClCompile>
    <ClCompile Include="GLTextureMap.cpp">
      <Filter>Source Files</Filter>
    </ClCompile>
    <ClCompile Include="GLTypes.cpp">
      <Filter>Source Files</Filter>
    </ClCompile>
    <ClCompile Include="VectorMath.cpp">
      <Filter>Source Files</Filter>
    </ClCompile>
    <ClCompile Include="GLBumpMap.cpp">
      <Filter>Source Files</Filter>
    </ClCompile>
    <ClCompile Include="GLConfiguration.cpp">
      <Filter>Source Files</Filter>
    </ClCompile>
    <ClCompile Include="Path.cpp">
      <Filter>Source Files</Filter>
    </ClCompile>
    <ClCompile Include="AppConstants.cpp">
      <Filter>Source Files</Filter>
    </ClCompile>
  </ItemGroup>
  <ItemGroup>
    <ClInclude Include="ConsoleLogger.h">
      <Filter>Header Files</Filter>
    </ClInclude>
    <ClInclude Include="EditLogger.h">
      <Filter>Header Files</Filter>
    </ClInclude>
    <ClInclude Include="FileLogger.h">
      <Filter>Header Files</Filter>
    </ClInclude>
    <ClInclude Include="FileWriter.h">
      <Filter>Header Files</Filter>
    </ClInclude>
    <ClInclude Include="GLColorMap.h">
      <Filter>Header Files</Filter>
    </ClInclude>
    <ClInclude Include="GLColorMapAlpha.h">
      <Filter>Header Files</Filter>
    </ClInclude>
    <ClInclude Include="GLColorMapModulate.h">
      <Filter>Header Files</Filter>
    </ClInclude>
    <ClInclude Include="GLColorMapN.h">
      <Filter>Header Files</Filter>
    </ClInclude>
    <ClInclude Include="glext.h">
      <Filter>Header Files</Filter>
    </ClInclude>
    <ClInclude Include="GLExtensions.h">
      <Filter>Header Files</Filter>
    </ClInclude>
    <ClInclude Include="GLProgram.h">
      <Filter>Header Files</Filter>
    </ClInclude>
    <ClInclude Include="GLTextureMap.h">
      <Filter>Header Files</Filter>
    </ClInclude>
    <ClInclude Include="GLTypes.h">
      <Filter>Header Files</Filter>
    </ClInclude>
    <ClInclude Include="HelperMacros.h">
      <Filter>Header Files</Filter>
    </ClInclude>
    <ClInclude Include="LightSourceParameters.h">
      <Filter>Header Files</Filter>
    </ClInclude>
    <ClInclude Include="Logger.h">
      <Filter>Header Files</Filter>
    </ClInclude>
    <ClInclude Include="VectorMath.h">
      <Filter>Header Files</Filter>
    </ClInclude>
    <ClInclude Include="w32types.h">
      <Filter>Header Files</Filter>
    </ClInclude>
    <ClInclude Include="GLBumpMap.h">
      <Filter>Header Files</Filter>
    </ClInclude>
    <ClInclude Include="GLConfiguration.h">
      <Filter>Header Files</Filter>
    </ClInclude>
    <ClInclude Include="Path.h">
      <Filter>Header Files</Filter>
    </ClInclude>
    <ClInclude Include="AppConstants.h">
      <Filter>Header Files</Filter>
    </ClInclude>
    <ClInclude Include="..\..\MeshLoader\pch.h">
      <Filter>Header Files</Filter>
    </ClInclude>
  </ItemGroup>
  <ItemGroup>
    <None Include="ReadMe.txt" />
  </ItemGroup>
</Project>