<?xml version="1.0" encoding="utf-8"?>
<Project ToolsVersion="4.0" xmlns="http://schemas.microsoft.com/developer/msbuild/2003">
  <ItemGroup>
    <Filter Include="Source Files">
      <UniqueIdentifier>{4FC737F1-C7A5-4376-A066-2A32D752A2FF}</UniqueIdentifier>
      <Extensions>cpp;c;cc;cxx;def;odl;idl;hpj;bat;asm;asmx</Extensions>
    </Filter>
    <Filter Include="Source Files\GL">
      <UniqueIdentifier>{f0dbd30b-c829-442b-a240-fee3eed9ecef}</UniqueIdentifier>
    </Filter>
    <Filter Include="Source Files\GL\Img">
      <UniqueIdentifier>{789f5118-8616-4fc7-aedb-8b8c6529532c}</UniqueIdentifier>
    </Filter>
    <Filter Include="Header Files">
      <UniqueIdentifier>{93995380-89BD-4b04-88EB-625FBE52EBFB}</UniqueIdentifier>
      <Extensions>h;hpp;hxx;hm;inl;inc;xsd</Extensions>
    </Filter>
    <Filter Include="Header Files\GL">
      <UniqueIdentifier>{8249807f-e475-4585-a22d-6bdfc68195b0}</UniqueIdentifier>
    </Filter>
    <Filter Include="Header Files\GL\Img">
      <UniqueIdentifier>{076a4ba2-17dd-4887-9638-147c6deecf2f}</UniqueIdentifier>
    </Filter>
    <Filter Include="Resource Files">
      <UniqueIdentifier>{67DA6AB6-F800-4c08-8B7A-83BB121AAD01}</UniqueIdentifier>
      <Extensions>rc;ico;cur;bmp;dlg;rc2;rct;bin;rgs;gif;jpg;jpeg;jpe;resx;tiff;tif;png;wav</Extensions>
    </Filter>
  </ItemGroup>
  <ItemGroup>
    <ClCompile Include="ChildFrm.cpp">
      <Filter>Source Files</Filter>
    </ClCompile>
    <ClCompile Include="ClassView.cpp">
      <Filter>Source Files</Filter>
    </ClCompile>
    <ClCompile Include="CntrItem.cpp">
      <Filter>Source Files</Filter>
    </ClCompile>
    <ClCompile Include="FileView.cpp">
      <Filter>Source Files</Filter>
    </ClCompile>
    <ClCompile Include="LightsWnd.cpp">
      <Filter>Source Files</Filter>
    </ClCompile>
    <ClCompile Include="MainFrm.cpp">
      <Filter>Source Files</Filter>
    </ClCompile>
    <ClCompile Include="MFCButtonPropertyGridProperty.cpp">
      <Filter>Source Files</Filter>
    </ClCompile>
    <ClCompile Include="MFCOnUpdateValueCallbackProperty.cpp">
      <Filter>Source Files</Filter>
    </ClCompile>
    <ClCompile Include="MFCPGLightEnable.cpp">
      <Filter>Source Files</Filter>
    </ClCompile>
    <ClCompile Include="OutputLogger.cpp">
      <Filter>Source Files</Filter>
    </ClCompile>
    <ClCompile Include="OutputWnd.cpp">
      <Filter>Source Files</Filter>
    </ClCompile>
    <ClCompile Include="PropertiesPane.cpp">
      <Filter>Source Files</Filter>
    </ClCompile>
    <ClCompile Include="SceneBrowser.cpp">
      <Filter>Source Files</Filter>
    </ClCompile>
    <ClCompile Include="stdafx.cpp">
      <Filter>Source Files</Filter>
    </ClCompile>
    <ClCompile Include="testMSVC2.cpp">
      <Filter>Source Files</Filter>
    </ClCompile>
    <ClCompile Include="testMSVC2Doc.cpp">
      <Filter>Source Files</Filter>
    </ClCompile>
    <ClCompile Include="testMSVC2View.cpp">
      <Filter>Source Files</Filter>
    </ClCompile>
    <ClCompile Include="TestView.cpp">
      <Filter>Source Files</Filter>
    </ClCompile>
    <ClCompile Include="ViewTree.cpp">
      <Filter>Source Files</Filter>
    </ClCompile>
    <ClCompile Include="..\MeshView2005\Editor.cpp">
      <Filter>Source Files\GL</Filter>
    </ClCompile>
    <ClCompile Include="..\MeshView2005\GLBitmapFont.cpp">
      <Filter>Source Files\GL</Filter>
    </ClCompile>
    <ClCompile Include="GLDoc.cpp">
      <Filter>Source Files\GL</Filter>
    </ClCompile>
    <ClCompile Include="GLFrame.cpp">
      <Filter>Source Files\GL</Filter>
    </ClCompile>
    <ClCompile Include="..\MeshView2005\GLLightManager.cpp">
      <Filter>Source Files\GL</Filter>
    </ClCompile>
    <ClCompile Include="..\MeshView2005\GLScene.cpp">
      <Filter>Source Files\GL</Filter>
    </ClCompile>
    <ClCompile Include="..\MeshView2005\GLSurface.cpp">
      <Filter>Source Files\GL</Filter>
    </ClCompile>
    <ClCompile Include="..\MeshView2005\GLTextureManager.cpp">
      <Filter>Source Files\GL</Filter>
    </ClCompile>
    <ClCompile Include="GLView.cpp">
      <Filter>Source Files\GL</Filter>
    </ClCompile>
    <ClCompile Include="GLViewportManager.cpp">
      <Filter>Source Files\GL</Filter>
    </ClCompile>
    <ClCompile Include="GLWindowHandler.cpp">
      <Filter>Source Files\GL</Filter>
    </ClCompile>
    <ClCompile Include="..\MeshView2005\Hud.cpp">
      <Filter>Source Files\GL</Filter>
    </ClCompile>
    <ClCompile Include="..\MeshView2005\Mesh.cpp">
      <Filter>Source Files\GL</Filter>
    </ClCompile>
    <ClCompile Include="..\MeshView2005\MeshLoader.cpp">
      <Filter>Source Files\GL</Filter>
    </ClCompile>
    <ClCompile Include="..\MeshView2005\Polygon.cpp">
      <Filter>Source Files\GL</Filter>
    </ClCompile>
    <ClCompile Include="..\MeshView2005\Vertex.cpp">
      <Filter>Source Files\GL</Filter>
    </ClCompile>
    <ClCompile Include="..\MeshView2005\Viewport.cpp">
      <Filter>Source Files\GL</Filter>
    </ClCompile>
    <ClCompile Include="..\MeshView2005\VMap.cpp">
      <Filter>Source Files\GL</Filter>
    </ClCompile>
    <ClCompile Include="..\MeshView2005\Img\Bmp.cpp">
      <Filter>Source Files\GL\Img</Filter>
    </ClCompile>
    <ClCompile Include="..\MeshView2005\Img\GLImageFactory.cpp">
      <Filter>Source Files\GL\Img</Filter>
    </ClCompile>
    <ClCompile Include="..\MeshView2005\Img\Tga.cpp">
      <Filter>Source Files\GL\Img</Filter>
    </ClCompile>
    <ClCompile Include="PropertyGridPane.cpp">
      <Filter>Source Files</Filter>
    </ClCompile>
    <ClCompile Include="Torus.cpp">
      <Filter>Source Files\GL</Filter>
    </ClCompile>
    <ClCompile Include="..\MeshView2005\Renderer.cpp">
      <Filter>Source Files\GL</Filter>
    </ClCompile>
    <ClCompile Include="..\MeshView2005\DumpData.cpp">
      <Filter>Source Files\GL</Filter>
    </ClCompile>
    <ClCompile Include="..\MeshView2005\Sphere.cpp">
      <Filter>Source Files\GL</Filter>
    </ClCompile>
    <ClCompile Include="..\MeshView2005\Center.cpp">
      <Filter>Source Files\GL</Filter>
    </ClCompile>
    <ClCompile Include="..\MeshView2005\IItem.cpp">
      <Filter>Source Files\GL</Filter>
    </ClCompile>
    <ClCompile Include="VTest1.cpp">
      <Filter>Source Files</Filter>
    </ClCompile>
    <ClCompile Include="GLVTest1Doc.cpp">
      <Filter>Source Files</Filter>
    </ClCompile>
    <ClCompile Include="..\MeshView2005\Lines.cpp">
      <Filter>Source Files\GL</Filter>
    </ClCompile>
    <ClCompile Include="..\MeshView2005\Plane.cpp">
      <Filter>Source Files\GL</Filter>
    </ClCompile>
  </ItemGroup>
  <ItemGroup>
    <ClInclude Include="ChildFrm.h">
      <Filter>Header Files</Filter>
    </ClInclude>
    <ClInclude Include="ClassView.h">
      <Filter>Header Files</Filter>
    </ClInclude>
    <ClInclude Include="CntrItem.h">
      <Filter>Header Files</Filter>
    </ClInclude>
    <ClInclude Include="FileView.h">
      <Filter>Header Files</Filter>
    </ClInclude>
    <ClInclude Include="LightsWnd.h">
      <Filter>Header Files</Filter>
    </ClInclude>
    <ClInclude Include="MainFrm.h">
      <Filter>Header Files</Filter>
    </ClInclude>
    <ClInclude Include="MFCButtonPropertyGridProperty.h">
      <Filter>Header Files</Filter>
    </ClInclude>
    <ClInclude Include="MFCOnUpdateValueCallbackProperty.h">
      <Filter>Header Files</Filter>
    </ClInclude>
    <ClInclude Include="MFCPGLightEnable.h">
      <Filter>Header Files</Filter>
    </ClInclude>
    <ClInclude Include="OutputLogger.h">
      <Filter>Header Files</Filter>
    </ClInclude>
    <ClInclude Include="OutputWnd.h">
      <Filter>Header Files</Filter>
    </ClInclude>
    <ClInclude Include="PropertiesPane.h">
      <Filter>Header Files</Filter>
    </ClInclude>
    <ClInclude Include="Resource.h">
      <Filter>Header Files</Filter>
    </ClInclude>
    <ClInclude Include="SceneBrowser.h">
      <Filter>Header Files</Filter>
    </ClInclude>
    <ClInclude Include="stdafx.h">
      <Filter>Header Files</Filter>
    </ClInclude>
    <ClInclude Include="targetver.h">
      <Filter>Header Files</Filter>
    </ClInclude>
    <ClInclude Include="testMSVC2.h">
      <Filter>Header Files</Filter>
    </ClInclude>
    <ClInclude Include="testMSVC2Doc.h">
      <Filter>Header Files</Filter>
    </ClInclude>
    <ClInclude Include="testMSVC2View.h">
      <Filter>Header Files</Filter>
    </ClInclude>
    <ClInclude Include="TestView.h">
      <Filter>Header Files</Filter>
    </ClInclude>
    <ClInclude Include="ViewTree.h">
      <Filter>Header Files</Filter>
    </ClInclude>
    <ClInclude Include="..\MeshView2005\GLBitmapFont.h">
      <Filter>Header Files\GL</Filter>
    </ClInclude>
    <ClInclude Include="GLDoc.h">
      <Filter>Header Files\GL</Filter>
    </ClInclude>
    <ClInclude Include="GLFrame.h">
      <Filter>Header Files\GL</Filter>
    </ClInclude>
    <ClInclude Include="..\MeshView2005\GLLightManager.h">
      <Filter>Header Files\GL</Filter>
    </ClInclude>
    <ClInclude Include="..\MeshView2005\GLScene.h">
      <Filter>Header Files\GL</Filter>
    </ClInclude>
    <ClInclude Include="..\MeshView2005\GLSurface.h">
      <Filter>Header Files\GL</Filter>
    </ClInclude>
    <ClInclude Include="..\MeshView2005\GLTextureManager.h">
      <Filter>Header Files\GL</Filter>
    </ClInclude>
    <ClInclude Include="GLView.h">
      <Filter>Header Files\GL</Filter>
    </ClInclude>
    <ClInclude Include="GLViewportManager.h">
      <Filter>Header Files\GL</Filter>
    </ClInclude>
    <ClInclude Include="GLWindowHandler.h">
      <Filter>Header Files\GL</Filter>
    </ClInclude>
    <ClInclude Include="..\MeshView2005\Hud.h">
      <Filter>Header Files\GL</Filter>
    </ClInclude>
    <ClInclude Include="..\MeshView2005\Mesh.h">
      <Filter>Header Files\GL</Filter>
    </ClInclude>
    <ClInclude Include="..\MeshView2005\MeshElements.h">
      <Filter>Header Files\GL</Filter>
    </ClInclude>
    <ClInclude Include="..\MeshView2005\MeshLoader.h">
      <Filter>Header Files\GL</Filter>
    </ClInclude>
    <ClInclude Include="..\MeshView2005\Polygon.h">
      <Filter>Header Files\GL</Filter>
    </ClInclude>
    <ClInclude Include="..\MeshView2005\timer.h">
      <Filter>Header Files\GL</Filter>
    </ClInclude>
    <ClInclude Include="..\MeshView2005\Vertex.h">
      <Filter>Header Files\GL</Filter>
    </ClInclude>
    <ClInclude Include="..\MeshView2005\Viewport.h">
      <Filter>Header Files\GL</Filter>
    </ClInclude>
    <ClInclude Include="..\MeshView2005\VMap.h">
      <Filter>Header Files\GL</Filter>
    </ClInclude>
    <ClInclude Include="..\MeshView2005\Img\Bmp.h">
      <Filter>Header Files\GL\Img</Filter>
    </ClInclude>
    <ClInclude Include="..\MeshView2005\Img\GLImageFactory.h">
      <Filter>Header Files\GL\Img</Filter>
    </ClInclude>
    <ClInclude Include="..\MeshView2005\Img\Tga.h">
      <Filter>Header Files\GL\Img</Filter>
    </ClInclude>
    <ClInclude Include="PropertyGridPane.h">
      <Filter>Header Files</Filter>
    </ClInclude>
    <ClInclude Include="Torus.h">
      <Filter>Header Files\GL</Filter>
    </ClInclude>
    <ClInclude Include="..\MeshView2005\DumpData.h">
      <Filter>Header Files\GL</Filter>
    </ClInclude>
    <ClInclude Include="..\MeshView2005\Sphere.h">
      <Filter>Header Files\GL</Filter>
    </ClInclude>
    <ClInclude Include="..\MeshView2005\Center.h">
      <Filter>Header Files\GL</Filter>
    </ClInclude>
    <ClInclude Include="..\MeshView2005\IItem.h">
      <Filter>Header Files\GL</Filter>
    </ClInclude>
    <ClInclude Include="VTest1.h">
      <Filter>Header Files</Filter>
    </ClInclude>
    <ClInclude Include="GLVTest1Doc.h">
      <Filter>Header Files</Filter>
    </ClInclude>
    <ClInclude Include="..\MeshView2005\Lines.h">
      <Filter>Header Files\GL</Filter>
    </ClInclude>
    <ClInclude Include="..\MeshView2005\Plane.h">
      <Filter>Header Files\GL</Filter>
    </ClInclude>
  </ItemGroup>
  <ItemGroup>
    <None Include="res\AdjustBtn.bmp">
      <Filter>Resource Files</Filter>
    </None>
    <None Include="res\bitmap1.bmp">
      <Filter>Resource Files</Filter>
    </None>
    <None Include="res\bmp00001.bmp">
      <Filter>Resource Files</Filter>
    </None>
    <None Include="res\class_view.ico">
      <Filter>Resource Files</Filter>
    </None>
    <None Include="res\class_view_hc.ico">
      <Filter>Resource Files</Filter>
    </None>
    <None Include="res\classview.bmp">
      <Filter>Resource Files</Filter>
    </None>
    <None Include="res\classview_hc.bmp">
      <Filter>Resource Files</Filter>
    </None>
    <None Include="res\explorer.bmp">
      <Filter>Resource Files</Filter>
    </None>
    <None Include="res\explorer_hc.bmp">
      <Filter>Resource Files</Filter>
    </None>
    <None Include="res\file_view.ico">
      <Filter>Resource Files</Filter>
    </None>
    <None Include="res\file_view_hc.ico">
      <Filter>Resource Files</Filter>
    </None>
    <None Include="res\fileview.bmp">
      <Filter>Resource Files</Filter>
    </None>
    <None Include="res\fileview_hc.bmp">
      <Filter>Resource Files</Filter>
    </None>
    <None Include="res\icon1.ico">
      <Filter>Resource Files</Filter>
    </None>
    <None Include="res\menuimages.bmp">
      <Filter>Resource Files</Filter>
    </None>
    <None Include="res\menuimages_hc.bmp">
      <Filter>Resource Files</Filter>
    </None>
    <None Include="res\output_wnd.ico">
      <Filter>Resource Files</Filter>
    </None>
    <None Include="res\output_wnd_hc.ico">
      <Filter>Resource Files</Filter>
    </None>
    <None Include="res\properties.bmp">
      <Filter>Resource Files</Filter>
    </None>
    <None Include="res\properties_hc.bmp">
      <Filter>Resource Files</Filter>
    </None>
    <None Include="res\properties_wnd.ico">
      <Filter>Resource Files</Filter>
    </None>
    <None Include="res\properties_wnd_hc.ico">
      <Filter>Resource Files</Filter>
    </None>
    <None Include="res\sort.bmp">
      <Filter>Resource Files</Filter>
    </None>
    <None Include="res\sort_hc.bmp">
      <Filter>Resource Files</Filter>
    </None>
    <None Include="res\testMSVC2.ico">
      <Filter>Resource Files</Filter>
    </None>
    <None Include="res\testMSVC2.rc2">
      <Filter>Resource Files</Filter>
    </None>
    <None Include="res\testMSVC2Doc.ico">
      <Filter>Resource Files</Filter>
    </None>
    <None Include="res\Toolbar.bmp">
      <Filter>Resource Files</Filter>
    </None>
    <None Include="res\toolbar1.bmp">
      <Filter>Resource Files</Filter>
    </None>
    <None Include="res\Toolbar256.bmp">
      <Filter>Resource Files</Filter>
    </None>
    <None Include="UserImages.bmp">
      <Filter>Resource Files</Filter>
    </None>
    <None Include="ReadMe.txt" />
  </ItemGroup>
  <ItemGroup>
    <ResourceCompile Include="testMSVC2.rc">
      <Filter>Resource Files</Filter>
    </ResourceCompile>
  </ItemGroup>
</Project>